
Microsoft Visual Studio Solution File, Format Version 12.00
# Visual Studio Version 17
VisualStudioVersion = 17.8.34330.188
MinimumVisualStudioVersion = 10.0.40219.1
Project("{9A19103F-16F7-4668-BE54-9A1E7A4F7556}") = "CADelegate", "delegate\CADelegate.csproj", "{3B36484B-5A6C-4EED-9A0E-48DE224DA8F8}"
EndProject
Project("{9A19103F-16F7-4668-BE54-9A1E7A4F7556}") = "FakeData", "FakeData\FakeData.csproj", "{BD7B892A-5EE7-4383-8EDC-EB8F452F0D28}"
EndProject
Project("{9A19103F-16F7-4668-BE54-9A1E7A4F7556}") = "CACoreOfLinq", "CACoreOfLinq\CACoreOfLinq.csproj", "{AFA0CCF0-23B9-4F35-85B0-E4584E970779}"
EndProject
Project("{9A19103F-16F7-4668-BE54-9A1E7A4F7556}") = "FakeData02", "FakeData02\FakeData02.csproj", "{185DD648-A96B-437D-B967-3D4A79CDB8E3}"
EndProject
Project("{9A19103F-16F7-4668-BE54-9A1E7A4F7556}") = "CAProjectionOperatration", "CAProjectionOperatration\CAProjectionOperatration.csproj", "{056AA618-5270-4AAC-9237-3E374FFCC764}"
EndProject
Project("{9A19103F-16F7-4668-BE54-9A1E7A4F7556}") = "FakeData03", "FakeData03\FakeData03.csproj", "{E940DC11-27FC-472B-B52E-2F8C73605156}"
EndProject
Project("{9A19103F-16F7-4668-BE54-9A1E7A4F7556}") = "CASortingData", "CASortingData\CASortingData.csproj", "{5E8A630E-0D8F-4FEF-BF94-9643D3529C36}"
EndProject
Project("{9A19103F-16F7-4668-BE54-9A1E7A4F7556}") = "CADataPartitioning", "CADataPartitioning\CADataPartitioning.csproj", "{E27B1C44-A51B-426B-AE10-EBFEB772C9A5}"
EndProject
Project("{9A19103F-16F7-4668-BE54-9A1E7A4F7556}") = "CAQuantifiers", "CAQuantifiers\CAQuantifiers.csproj", "{1E1E8693-8A02-46EA-AA5E-13BD57E544D6}"
EndProject
Project("{9A19103F-16F7-4668-BE54-9A1E7A4F7556}") = "CAGrouping Data", "CAGrouping Data\CAGrouping Data.csproj", "{F8DC9E91-B3CD-45C8-AF4D-B196F2CAABFD}"
EndProject
Project("{9A19103F-16F7-4668-BE54-9A1E7A4F7556}") = "CAJoinOperations", "CAJoinOperations\CAJoinOperations.csproj", "{CB77AE0C-7069-41A8-BC23-9F2B646EEE76}"
EndProject
Project("{9A19103F-16F7-4668-BE54-9A1E7A4F7556}") = "CAGenerationOperations", "CAGenerationOperations\CAGenerationOperations.csproj", "{87F2C7AE-F75A-4702-B63D-7BDC4D84FA2A}"
EndProject
Project("{9A19103F-16F7-4668-BE54-9A1E7A4F7556}") = "CAElementOperations", "CAElementOperations\CAElementOperations.csproj", "{EE1DE169-BB48-44D6-9484-4B86CEAF7447}"
EndProject
Project("{FAE04EC0-301F-11D3-BF4B-00C04F79EFBC}") = "CAConcatenation", "CAConcatenation\CAConcatenation.csproj", "{1FDEFDD1-30D3-4567-A1FF-0ECFD068FAE9}"
EndProject
Project("{FAE04EC0-301F-11D3-BF4B-00C04F79EFBC}") = "CAAggregateOperations", "CAAggregateOperations\CAAggregateOperations.csproj", "{27431356-F5F7-4E6E-BBBD-F272D1184672}"
EndProject
Global
	GlobalSection(SolutionConfigurationPlatforms) = preSolution
		Debug|Any CPU = Debug|Any CPU
		Release|Any CPU = Release|Any CPU
	EndGlobalSection
	GlobalSection(ProjectConfigurationPlatforms) = postSolution
		{3B36484B-5A6C-4EED-9A0E-48DE224DA8F8}.Debug|Any CPU.ActiveCfg = Debug|Any CPU
		{3B36484B-5A6C-4EED-9A0E-48DE224DA8F8}.Debug|Any CPU.Build.0 = Debug|Any CPU
		{3B36484B-5A6C-4EED-9A0E-48DE224DA8F8}.Release|Any CPU.ActiveCfg = Release|Any CPU
		{3B36484B-5A6C-4EED-9A0E-48DE224DA8F8}.Release|Any CPU.Build.0 = Release|Any CPU
		{BD7B892A-5EE7-4383-8EDC-EB8F452F0D28}.Debug|Any CPU.ActiveCfg = Debug|Any CPU
		{BD7B892A-5EE7-4383-8EDC-EB8F452F0D28}.Debug|Any CPU.Build.0 = Debug|Any CPU
		{BD7B892A-5EE7-4383-8EDC-EB8F452F0D28}.Release|Any CPU.ActiveCfg = Release|Any CPU
		{BD7B892A-5EE7-4383-8EDC-EB8F452F0D28}.Release|Any CPU.Build.0 = Release|Any CPU
		{AFA0CCF0-23B9-4F35-85B0-E4584E970779}.Debug|Any CPU.ActiveCfg = Debug|Any CPU
		{AFA0CCF0-23B9-4F35-85B0-E4584E970779}.Debug|Any CPU.Build.0 = Debug|Any CPU
		{AFA0CCF0-23B9-4F35-85B0-E4584E970779}.Release|Any CPU.ActiveCfg = Release|Any CPU
		{AFA0CCF0-23B9-4F35-85B0-E4584E970779}.Release|Any CPU.Build.0 = Release|Any CPU
		{185DD648-A96B-437D-B967-3D4A79CDB8E3}.Debug|Any CPU.ActiveCfg = Debug|Any CPU
		{185DD648-A96B-437D-B967-3D4A79CDB8E3}.Debug|Any CPU.Build.0 = Debug|Any CPU
		{185DD648-A96B-437D-B967-3D4A79CDB8E3}.Release|Any CPU.ActiveCfg = Release|Any CPU
		{185DD648-A96B-437D-B967-3D4A79CDB8E3}.Release|Any CPU.Build.0 = Release|Any CPU
		{056AA618-5270-4AAC-9237-3E374FFCC764}.Debug|Any CPU.ActiveCfg = Debug|Any CPU
		{056AA618-5270-4AAC-9237-3E374FFCC764}.Debug|Any CPU.Build.0 = Debug|Any CPU
		{056AA618-5270-4AAC-9237-3E374FFCC764}.Release|Any CPU.ActiveCfg = Release|Any CPU
		{056AA618-5270-4AAC-9237-3E374FFCC764}.Release|Any CPU.Build.0 = Release|Any CPU
		{E940DC11-27FC-472B-B52E-2F8C73605156}.Debug|Any CPU.ActiveCfg = Debug|Any CPU
		{E940DC11-27FC-472B-B52E-2F8C73605156}.Debug|Any CPU.Build.0 = Debug|Any CPU
		{E940DC11-27FC-472B-B52E-2F8C73605156}.Release|Any CPU.ActiveCfg = Release|Any CPU
		{E940DC11-27FC-472B-B52E-2F8C73605156}.Release|Any CPU.Build.0 = Release|Any CPU
		{5E8A630E-0D8F-4FEF-BF94-9643D3529C36}.Debug|Any CPU.ActiveCfg = Debug|Any CPU
		{5E8A630E-0D8F-4FEF-BF94-9643D3529C36}.Debug|Any CPU.Build.0 = Debug|Any CPU
		{5E8A630E-0D8F-4FEF-BF94-9643D3529C36}.Release|Any CPU.ActiveCfg = Release|Any CPU
		{5E8A630E-0D8F-4FEF-BF94-9643D3529C36}.Release|Any CPU.Build.0 = Release|Any CPU
		{E27B1C44-A51B-426B-AE10-EBFEB772C9A5}.Debug|Any CPU.ActiveCfg = Debug|Any CPU
		{E27B1C44-A51B-426B-AE10-EBFEB772C9A5}.Debug|Any CPU.Build.0 = Debug|Any CPU
		{E27B1C44-A51B-426B-AE10-EBFEB772C9A5}.Release|Any CPU.ActiveCfg = Release|Any CPU
		{E27B1C44-A51B-426B-AE10-EBFEB772C9A5}.Release|Any CPU.Build.0 = Release|Any CPU
		{1E1E8693-8A02-46EA-AA5E-13BD57E544D6}.Debug|Any CPU.ActiveCfg = Debug|Any CPU
		{1E1E8693-8A02-46EA-AA5E-13BD57E544D6}.Debug|Any CPU.Build.0 = Debug|Any CPU
		{1E1E8693-8A02-46EA-AA5E-13BD57E544D6}.Release|Any CPU.ActiveCfg = Release|Any CPU
		{1E1E8693-8A02-46EA-AA5E-13BD57E544D6}.Release|Any CPU.Build.0 = Release|Any CPU
		{F8DC9E91-B3CD-45C8-AF4D-B196F2CAABFD}.Debug|Any CPU.ActiveCfg = Debug|Any CPU
		{F8DC9E91-B3CD-45C8-AF4D-B196F2CAABFD}.Debug|Any CPU.Build.0 = Debug|Any CPU
		{F8DC9E91-B3CD-45C8-AF4D-B196F2CAABFD}.Release|Any CPU.ActiveCfg = Release|Any CPU
		{F8DC9E91-B3CD-45C8-AF4D-B196F2CAABFD}.Release|Any CPU.Build.0 = Release|Any CPU
		{CB77AE0C-7069-41A8-BC23-9F2B646EEE76}.Debug|Any CPU.ActiveCfg = Debug|Any CPU
		{CB77AE0C-7069-41A8-BC23-9F2B646EEE76}.Debug|Any CPU.Build.0 = Debug|Any CPU
		{CB77AE0C-7069-41A8-BC23-9F2B646EEE76}.Release|Any CPU.ActiveCfg = Release|Any CPU
		{CB77AE0C-7069-41A8-BC23-9F2B646EEE76}.Release|Any CPU.Build.0 = Release|Any CPU
		{87F2C7AE-F75A-4702-B63D-7BDC4D84FA2A}.Debug|Any CPU.ActiveCfg = Debug|Any CPU
		{87F2C7AE-F75A-4702-B63D-7BDC4D84FA2A}.Debug|Any CPU.Build.0 = Debug|Any CPU
		{87F2C7AE-F75A-4702-B63D-7BDC4D84FA2A}.Release|Any CPU.ActiveCfg = Release|Any CPU
		{87F2C7AE-F75A-4702-B63D-7BDC4D84FA2A}.Release|Any CPU.Build.0 = Release|Any CPU
		{EE1DE169-BB48-44D6-9484-4B86CEAF7447}.Debug|Any CPU.ActiveCfg = Debug|Any CPU
		{EE1DE169-BB48-44D6-9484-4B86CEAF7447}.Debug|Any CPU.Build.0 = Debug|Any CPU
		{EE1DE169-BB48-44D6-9484-4B86CEAF7447}.Release|Any CPU.ActiveCfg = Release|Any CPU
		{EE1DE169-BB48-44D6-9484-4B86CEAF7447}.Release|Any CPU.Build.0 = Release|Any CPU
		{1FDEFDD1-30D3-4567-A1FF-0ECFD068FAE9}.Debug|Any CPU.ActiveCfg = Debug|Any CPU
		{1FDEFDD1-30D3-4567-A1FF-0ECFD068FAE9}.Debug|Any CPU.Build.0 = Debug|Any CPU
		{1FDEFDD1-30D3-4567-A1FF-0ECFD068FAE9}.Release|Any CPU.ActiveCfg = Release|Any CPU
		{1FDEFDD1-30D3-4567-A1FF-0ECFD068FAE9}.Release|Any CPU.Build.0 = Release|Any CPU
		{27431356-F5F7-4E6E-BBBD-F272D1184672}.Debug|Any CPU.ActiveCfg = Debug|Any CPU
		{27431356-F5F7-4E6E-BBBD-F272D1184672}.Debug|Any CPU.Build.0 = Debug|Any CPU
		{27431356-F5F7-4E6E-BBBD-F272D1184672}.Release|Any CPU.ActiveCfg = Release|Any CPU
		{27431356-F5F7-4E6E-BBBD-F272D1184672}.Release|Any CPU.Build.0 = Release|Any CPU
	EndGlobalSection
	GlobalSection(SolutionProperties) = preSolution
		HideSolutionNode = FALSE
	EndGlobalSection
	GlobalSection(ExtensibilityGlobals) = postSolution
		SolutionGuid = {120D4C8D-0B5E-4311-9883-EEF507E88021}
	EndGlobalSection
EndGlobal
